
Microsoft Visual Studio Solution File, Format Version 12.00
# Visual Studio Version 17
VisualStudioVersion = 17.3.32922.545
MinimumVisualStudioVersion = 10.0.40219.1
Project("{FAE04EC0-301F-11D3-BF4B-00C04F79EFBC}") = "iiiiiiiiiiiiiiiiiii", "iiiiiiiiiiiiiiiiiii\iiiiiiiiiiiiiiiiiii.csproj", "{7E85C26F-7A00-4358-9EC7-6E757379D1BC}"
EndProject
Global
	GlobalSection(SolutionConfigurationPlatforms) = preSolution
		Debug|Any CPU = Debug|Any CPU
		Release|Any CPU = Release|Any CPU
	EndGlobalSection
	GlobalSection(ProjectConfigurationPlatforms) = postSolution
		{7E85C26F-7A00-4358-9EC7-6E757379D1BC}.Debug|Any CPU.ActiveCfg = Debug|Any CPU
		{7E85C26F-7A00-4358-9EC7-6E757379D1BC}.Debug|Any CPU.Build.0 = Debug|Any CPU
		{7E85C26F-7A00-4358-9EC7-6E757379D1BC}.Release|Any CPU.ActiveCfg = Release|Any CPU
		{7E85C26F-7A00-4358-9EC7-6E757379D1BC}.Release|Any CPU.Build.0 = Release|Any CPU
	EndGlobalSection
	GlobalSection(SolutionProperties) = preSolution
		HideSolutionNode = FALSE
	EndGlobalSection
	GlobalSection(ExtensibilityGlobals) = postSolution
		SolutionGuid = {87F29360-4C5B-4DDD-AD4A-73ACDC678FD6}
	EndGlobalSection
EndGlobal
